dependencies:
- name: kgateway
  repository: oci://cr.kgateway.dev/kgateway-dev/charts
  version: v2.2.9
- name: kgateway-crds
  repository: oci://cr.kgateway.dev/kgateway-dev/charts
  version: v2.2.9
digest: sha256:aaa733cef8a2abee3999903ab288d57f97e28d78c3a17b9a53f9007d8094b599
generated: "2026-07-19T10:01:53.74303324Z"
